# THIS IS AN AUTOGENERATED FILE. DO NOT EDIT THIS FILE DIRECTLY.
# yarn lockfile v1


applescript@^1.0.0:
  version "1.0.0"
  resolved "https://registry.yarnpkg.com/applescript/-/applescript-1.0.0.tgz#bb87af568cad034a4e48c4bdaf6067a3a2701317"

lodash@^4.17.4:
  version "4.17.4"
  resolved "https://registry.yarnpkg.com/lodash/-/lodash-4.17.4.tgz#78203a4d1c328ae1d86dca6460e369b57f4055ae"

toml@^2.3.1:
  version "2.3.1"
  resolved "https://registry.yarnpkg.com/toml/-/toml-2.3.1.tgz#f1c02ff327b586f3ac97d8e75eacf26b1daf0b06"
